PODS:
  - AVOSCloud (3.2.9)
  - AVOSCloudCrashReporting (3.2.9):
    - AVOSCloud
  - AVOSCloudIM (3.2.9):
    - AVOSCloud
  - SDWebImage (3.7.6):
    - SDWebImage/Core (= 3.7.6)
  - SDWebImage/Core (3.7.6)

DEPENDENCIES:
  - AVOSCloud
  - AVOSCloudCrashReporting
  - AVOSCloudIM
  - SDWebImage

SPEC CHECKSUMS:
  AVOSCloud: b020009b1f2e35c271d4d019075458c879fc1d21
  AVOSCloudCrashReporting: a3087633af4cc319600a0698d388b6ac3005859b
  AVOSCloudIM: c70e31bfee8a0b52c8236e657414cf56bafc8796
  SDWebImage: c325cf02c30337336b95beff20a13df489ec0ec9

COCOAPODS: 0.39.0
